
Microsoft Visual Studio Solution File, Format Version 12.00
# Visual Studio Version 16
VisualStudioVersion = 16.0.31129.286
MinimumVisualStudioVersion = 10.0.40219.1
Project("{9A19103F-16F7-4668-BE54-9A1E7A4F7556}") = "MediatR.Samples", "MediatR.Samples\MediatR.Samples.csproj", "{70B294E8-856C-4A3D-A5C6-070E9D22CDD5}"
EndProject
Project("{2150E333-8FDC-42A3-9474-1A3956D46DE8}") = "Consul.Samples", "Consul.Samples", "{07D881BC-7E34-4B02-B659-ECCEFF62876A}"
EndProject
Project("{9A19103F-16F7-4668-BE54-9A1E7A4F7556}") = "User.API", "Consul.Samples\User.API\User.API.csproj", "{7272CA9D-D575-438B-BF0C-CC85607D1739}"
EndProject
Project("{9A19103F-16F7-4668-BE54-9A1E7A4F7556}") = "Product.API", "Consul.Samples\Product.API\Product.API.csproj", "{EA6F4F25-F6EA-4CA2-AAC8-CACAC09DF962}"
EndProject
Project("{9A19103F-16F7-4668-BE54-9A1E7A4F7556}") = "Gateway.API", "Consul.Samples\Gateway.API\Gateway.API.csproj", "{4ED70BBA-B933-461C-B0F1-AC1B3828B4CF}"
EndProject
Project("{9A19103F-16F7-4668-BE54-9A1E7A4F7556}") = "Kay.Consul", "Consul.Samples\Kay.Consul\Kay.Consul.csproj", "{A035E9F6-24F5-41D4-AFA2-709DB3EDE4CA}"
EndProject
Project("{2150E333-8FDC-42A3-9474-1A3956D46DE8}") = "IdentityServer4.Samples", "IdentityServer4.Samples", "{929FFA86-9D75-4172-BE7E-00226270DC11}"
EndProject
Project("{9A19103F-16F7-4668-BE54-9A1E7A4F7556}") = "Order.API", "IdentityServer4.Samples\Order.API\Order.API.csproj", "{E7E3BAF8-D31D-4067-908F-7D423F44FEA6}"
EndProject
Project("{9A19103F-16F7-4668-BE54-9A1E7A4F7556}") = "Product.API", "IdentityServer4.Samples\Product.API\Product.API.csproj", "{B0BE806A-307D-43A5-AF4C-6B99F6FCE5FB}"
EndProject
Project("{9A19103F-16F7-4668-BE54-9A1E7A4F7556}") = "User.API", "IdentityServer4.Samples\User.API\User.API.csproj", "{A24879CF-2555-4E21-B613-09191B9ED168}"
EndProject
Project("{FAE04EC0-301F-11D3-BF4B-00C04F79EFBC}") = "IdentityServer", "IdentityServer4.Samples\IdentityServer\IdentityServer.csproj", "{FE3B22DD-183B-4594-A62C-6196606708B8}"
EndProject
Global
	GlobalSection(SolutionConfigurationPlatforms) = preSolution
		Debug|Any CPU = Debug|Any CPU
		Release|Any CPU = Release|Any CPU
	EndGlobalSection
	GlobalSection(ProjectConfigurationPlatforms) = postSolution
		{70B294E8-856C-4A3D-A5C6-070E9D22CDD5}.Debug|Any CPU.ActiveCfg = Debug|Any CPU
		{70B294E8-856C-4A3D-A5C6-070E9D22CDD5}.Debug|Any CPU.Build.0 = Debug|Any CPU
		{70B294E8-856C-4A3D-A5C6-070E9D22CDD5}.Release|Any CPU.ActiveCfg = Release|Any CPU
		{70B294E8-856C-4A3D-A5C6-070E9D22CDD5}.Release|Any CPU.Build.0 = Release|Any CPU
		{7272CA9D-D575-438B-BF0C-CC85607D1739}.Debug|Any CPU.ActiveCfg = Debug|Any CPU
		{7272CA9D-D575-438B-BF0C-CC85607D1739}.Debug|Any CPU.Build.0 = Debug|Any CPU
		{7272CA9D-D575-438B-BF0C-CC85607D1739}.Release|Any CPU.ActiveCfg = Release|Any CPU
		{7272CA9D-D575-438B-BF0C-CC85607D1739}.Release|Any CPU.Build.0 = Release|Any CPU
		{EA6F4F25-F6EA-4CA2-AAC8-CACAC09DF962}.Debug|Any CPU.ActiveCfg = Debug|Any CPU
		{EA6F4F25-F6EA-4CA2-AAC8-CACAC09DF962}.Debug|Any CPU.Build.0 = Debug|Any CPU
		{EA6F4F25-F6EA-4CA2-AAC8-CACAC09DF962}.Release|Any CPU.ActiveCfg = Release|Any CPU
		{EA6F4F25-F6EA-4CA2-AAC8-CACAC09DF962}.Release|Any CPU.Build.0 = Release|Any CPU
		{4ED70BBA-B933-461C-B0F1-AC1B3828B4CF}.Debug|Any CPU.ActiveCfg = Debug|Any CPU
		{4ED70BBA-B933-461C-B0F1-AC1B3828B4CF}.Debug|Any CPU.Build.0 = Debug|Any CPU
		{4ED70BBA-B933-461C-B0F1-AC1B3828B4CF}.Release|Any CPU.ActiveCfg = Release|Any CPU
		{4ED70BBA-B933-461C-B0F1-AC1B3828B4CF}.Release|Any CPU.Build.0 = Release|Any CPU
		{A035E9F6-24F5-41D4-AFA2-709DB3EDE4CA}.Debug|Any CPU.ActiveCfg = Debug|Any CPU
		{A035E9F6-24F5-41D4-AFA2-709DB3EDE4CA}.Debug|Any CPU.Build.0 = Debug|Any CPU
		{A035E9F6-24F5-41D4-AFA2-709DB3EDE4CA}.Release|Any CPU.ActiveCfg = Release|Any CPU
		{A035E9F6-24F5-41D4-AFA2-709DB3EDE4CA}.Release|Any CPU.Build.0 = Release|Any CPU
		{E7E3BAF8-D31D-4067-908F-7D423F44FEA6}.Debug|Any CPU.ActiveCfg = Debug|Any CPU
		{E7E3BAF8-D31D-4067-908F-7D423F44FEA6}.Debug|Any CPU.Build.0 = Debug|Any CPU
		{E7E3BAF8-D31D-4067-908F-7D423F44FEA6}.Release|Any CPU.ActiveCfg = Release|Any CPU
		{E7E3BAF8-D31D-4067-908F-7D423F44FEA6}.Release|Any CPU.Build.0 = Release|Any CPU
		{B0BE806A-307D-43A5-AF4C-6B99F6FCE5FB}.Debug|Any CPU.ActiveCfg = Debug|Any CPU
		{B0BE806A-307D-43A5-AF4C-6B99F6FCE5FB}.Debug|Any CPU.Build.0 = Debug|Any CPU
		{B0BE806A-307D-43A5-AF4C-6B99F6FCE5FB}.Release|Any CPU.ActiveCfg = Release|Any CPU
		{B0BE806A-307D-43A5-AF4C-6B99F6FCE5FB}.Release|Any CPU.Build.0 = Release|Any CPU
		{A24879CF-2555-4E21-B613-09191B9ED168}.Debug|Any CPU.ActiveCfg = Debug|Any CPU
		{A24879CF-2555-4E21-B613-09191B9ED168}.Debug|Any CPU.Build.0 = Debug|Any CPU
		{A24879CF-2555-4E21-B613-09191B9ED168}.Release|Any CPU.ActiveCfg = Release|Any CPU
		{A24879CF-2555-4E21-B613-09191B9ED168}.Release|Any CPU.Build.0 = Release|Any CPU
		{FE3B22DD-183B-4594-A62C-6196606708B8}.Debug|Any CPU.ActiveCfg = Debug|Any CPU
		{FE3B22DD-183B-4594-A62C-6196606708B8}.Debug|Any CPU.Build.0 = Debug|Any CPU
		{FE3B22DD-183B-4594-A62C-6196606708B8}.Release|Any CPU.ActiveCfg = Release|Any CPU
		{FE3B22DD-183B-4594-A62C-6196606708B8}.Release|Any CPU.Build.0 = Release|Any CPU
	EndGlobalSection
	GlobalSection(SolutionProperties) = preSolution
		HideSolutionNode = FALSE
	EndGlobalSection
	GlobalSection(NestedProjects) = preSolution
		{7272CA9D-D575-438B-BF0C-CC85607D1739} = {07D881BC-7E34-4B02-B659-ECCEFF62876A}
		{EA6F4F25-F6EA-4CA2-AAC8-CACAC09DF962} = {07D881BC-7E34-4B02-B659-ECCEFF62876A}
		{4ED70BBA-B933-461C-B0F1-AC1B3828B4CF} = {07D881BC-7E34-4B02-B659-ECCEFF62876A}
		{A035E9F6-24F5-41D4-AFA2-709DB3EDE4CA} = {07D881BC-7E34-4B02-B659-ECCEFF62876A}
		{E7E3BAF8-D31D-4067-908F-7D423F44FEA6} = {929FFA86-9D75-4172-BE7E-00226270DC11}
		{B0BE806A-307D-43A5-AF4C-6B99F6FCE5FB} = {929FFA86-9D75-4172-BE7E-00226270DC11}
		{A24879CF-2555-4E21-B613-09191B9ED168} = {929FFA86-9D75-4172-BE7E-00226270DC11}
		{FE3B22DD-183B-4594-A62C-6196606708B8} = {929FFA86-9D75-4172-BE7E-00226270DC11}
	EndGlobalSection
	GlobalSection(ExtensibilityGlobals) = postSolution
		SolutionGuid = {D9029F0C-DAD7-4264-9A8D-EEADD2FD3D57}
	EndGlobalSection
EndGlobal
